github.com/alecthomas/assert/v2 v2.1.0 h1:tbredtNcQnoSd3QBhQWI7QZ3XHOVkw1Moklp2ojoH/0=
github.com/alecthomas/kong v0.7.0 h1:YIjJUiR7AcmHxL87UlbPn0gyIGwl4+nYND0OQ4ojP7k=
github.com/alecthomas/kong v0.7.0/go.mod h1:n1iCIO2xS46oE8ZfYCNDqdR0b0wZNrXAIAqro/2132U=
github.com/alecthomas/repr v0.1.0 h1:ENn2e1+J3k09gyj2shc0dHr/yjaWSHRlrJ4DPMevDqE=
github.com/anoopengineer/edidparser v0.0.0-20140306172611-ad417053131c h1:wo4JgGRW+6/KSS5CqHIpc3xdDnyGqKNWSH7TIsP9XlI=
github.com/anoopengineer/edidparser v0.0.0-20140306172611-ad417053131c/go.mod h1:fEt61NePh3ZMxA+g3iC4CaGzY9lEsHRUkYJY2x0lBAw=
github.com/hexops/gotextdiff v1.0.3 h1:gitA9+qJrrTCsiCl7+kh75nPqQt1cx4ZkudSTLoUqJM=
github.com/jezek/xgb v1.1.0 h1:wnpxJzP1+rkbGclEkmwpVFQWpuE2PUGNUzP8SbfFobk=
github.com/jezek/xgb v1.1.0/go.mod h1:nrhwO0FX/enq75I7Y7G8iN1ubpSGZEiA3v9e9GyRFlk=
